
Microsoft Visual Studio Solution File, Format Version 12.00
# Visual Studio Version 16
VisualStudioVersion = 16.0.30804.86
MinimumVisualStudioVersion = 10.0.40219.1
Project("{FAE04EC0-301F-11D3-BF4B-00C04F79EFBC}") = "HarmonicAnalysis", "HarmonicAnalysis\HarmonicAnalysis.csproj", "{4276D1B4-D332-47AA-9A62-CA2F3C67A734}"
EndProject
Project("{FAE04EC0-301F-11D3-BF4B-00C04F79EFBC}") = "BinaryHarmonicAnalysis", "BinaryHarmonicAnalysis\BinaryHarmonicAnalysis.csproj", "{9AFFC24D-6B53-4C67-B7D3-C26D831A7EC9}"
EndProject
Project("{FAE04EC0-301F-11D3-BF4B-00C04F79EFBC}") = "ModernComputerTechnologies", "ModernComputerTechnologies\ModernComputerTechnologies.csproj", "{D7A9FA4F-8FA4-430F-8436-EF9ECC6863EB}"
EndProject
Project("{FAE04EC0-301F-11D3-BF4B-00C04F79EFBC}") = "FastAlgorithms", "FastAlgorithm\FastAlgorithms.csproj", "{75B2ED86-202E-4B60-BE2E-335ABC65BEA7}"
EndProject
Project("{FAE04EC0-301F-11D3-BF4B-00C04F79EFBC}") = "GraficsOpenGL", "GraficsOpenGL\GraficsOpenGL.csproj", "{8FC441C3-1041-4820-85EB-D6CD74C0155D}"
EndProject
Project("{FAE04EC0-301F-11D3-BF4B-00C04F79EFBC}") = "ModernComputerTechnologiesGUI", "ModernComputerTechnologiesGUI\ModernComputerTechnologiesGUI.csproj", "{931C7E72-EDCD-470A-9FF5-A8DC63E5AEDF}"
EndProject
Global
	GlobalSection(SolutionConfigurationPlatforms) = preSolution
		Debug|Any CPU = Debug|Any CPU
		Release|Any CPU = Release|Any CPU
	EndGlobalSection
	GlobalSection(ProjectConfigurationPlatforms) = postSolution
		{4276D1B4-D332-47AA-9A62-CA2F3C67A734}.Debug|Any CPU.ActiveCfg = Debug|Any CPU
		{4276D1B4-D332-47AA-9A62-CA2F3C67A734}.Debug|Any CPU.Build.0 = Debug|Any CPU
		{4276D1B4-D332-47AA-9A62-CA2F3C67A734}.Release|Any CPU.ActiveCfg = Release|Any CPU
		{4276D1B4-D332-47AA-9A62-CA2F3C67A734}.Release|Any CPU.Build.0 = Release|Any CPU
		{9AFFC24D-6B53-4C67-B7D3-C26D831A7EC9}.Debug|Any CPU.ActiveCfg = Debug|Any CPU
		{9AFFC24D-6B53-4C67-B7D3-C26D831A7EC9}.Debug|Any CPU.Build.0 = Debug|Any CPU
		{9AFFC24D-6B53-4C67-B7D3-C26D831A7EC9}.Release|Any CPU.ActiveCfg = Release|Any CPU
		{9AFFC24D-6B53-4C67-B7D3-C26D831A7EC9}.Release|Any CPU.Build.0 = Release|Any CPU
		{D7A9FA4F-8FA4-430F-8436-EF9ECC6863EB}.Debug|Any CPU.ActiveCfg = Debug|Any CPU
		{D7A9FA4F-8FA4-430F-8436-EF9ECC6863EB}.Debug|Any CPU.Build.0 = Debug|Any CPU
		{D7A9FA4F-8FA4-430F-8436-EF9ECC6863EB}.Release|Any CPU.ActiveCfg = Release|Any CPU
		{D7A9FA4F-8FA4-430F-8436-EF9ECC6863EB}.Release|Any CPU.Build.0 = Release|Any CPU
		{75B2ED86-202E-4B60-BE2E-335ABC65BEA7}.Debug|Any CPU.ActiveCfg = Debug|Any CPU
		{75B2ED86-202E-4B60-BE2E-335ABC65BEA7}.Debug|Any CPU.Build.0 = Debug|Any CPU
		{75B2ED86-202E-4B60-BE2E-335ABC65BEA7}.Release|Any CPU.ActiveCfg = Release|Any CPU
		{75B2ED86-202E-4B60-BE2E-335ABC65BEA7}.Release|Any CPU.Build.0 = Release|Any CPU
		{8FC441C3-1041-4820-85EB-D6CD74C0155D}.Debug|Any CPU.ActiveCfg = Debug|Any CPU
		{8FC441C3-1041-4820-85EB-D6CD74C0155D}.Debug|Any CPU.Build.0 = Debug|Any CPU
		{8FC441C3-1041-4820-85EB-D6CD74C0155D}.Release|Any CPU.ActiveCfg = Release|Any CPU
		{8FC441C3-1041-4820-85EB-D6CD74C0155D}.Release|Any CPU.Build.0 = Release|Any CPU
		{931C7E72-EDCD-470A-9FF5-A8DC63E5AEDF}.Debug|Any CPU.ActiveCfg = Debug|Any CPU
		{931C7E72-EDCD-470A-9FF5-A8DC63E5AEDF}.Debug|Any CPU.Build.0 = Debug|Any CPU
		{931C7E72-EDCD-470A-9FF5-A8DC63E5AEDF}.Release|Any CPU.ActiveCfg = Release|Any CPU
		{931C7E72-EDCD-470A-9FF5-A8DC63E5AEDF}.Release|Any CPU.Build.0 = Release|Any CPU
	EndGlobalSection
	GlobalSection(SolutionProperties) = preSolution
		HideSolutionNode = FALSE
	EndGlobalSection
	GlobalSection(ExtensibilityGlobals) = postSolution
		SolutionGuid = {452E5A26-474A-48B6-ACD5-A9BABDF218CD}
	EndGlobalSection
EndGlobal
